// !$*UTF8*$!
{
	archiveVersion = 1;
	classes = {
	};
	objectVersion = 77;
	objects = {

/* Begin PBXBuildFile section */
		C049680A2FD91E6700D93BFF /* WatchConnectivity.swift in Sources */ = {isa = PBXBuildFile; fileRef = C04968092FD91E6700D93BFF /* WatchConnectivity.swift */; };
		C097FD302FD7B4A800471A18 /* WatchBoxOfDiceApp.swift in Sources */ = {isa = PBXBuildFile; fileRef = C097FD292FD7A03F00471A18 /* WatchBoxOfDiceApp.swift */; };
		C097FD312FD7B4A800471A18 /* WatchContentView.swift in Sources */ = {isa = PBXBuildFile; fileRef = C097FD2A2FD7A0A900471A18 /* WatchContentView.swift */; };
		C097FD322FD7B4A800471A18 /* WatchSupportViews.swift in Sources */ = {isa = PBXBuildFile; fileRef = C097FD2B2FD7A0F500471A18 /* WatchSupportViews.swift */; };
		C097FD842FD7B30900471A18 /* WatchGameCore.swift in Sources */ = {isa = PBXBuildFile; fileRef = C097FD832FD7B30900471A18 /* WatchGameCore.swift */; };
/* End PBXBuildFile section */

/* Begin PBXCopyFilesBuildPhase section */
		C097FDB42FD7C84400471A18 /* CopyFiles */ = {
			isa = PBXCopyFilesBuildPhase;
			buildActionMask = 2147483647;
			dstPath = "";
			dstSubfolderSpec = 7;
			files = (
			);
			runOnlyForDeploymentPostprocessing = 0;
		};
/* End PBXCopyFilesBuildPhase section */

/* Begin PBXFileReference section */
		C04968092FD91E6700D93BFF /* WatchConnectivity.swift */ = {isa = PBXFileReference; lastKnownFileType = sourcecode.swift; path = WatchConnectivity.swift; sourceTree = "<group>"; };
		C097FD292FD7A03F00471A18 /* WatchBoxOfDiceApp.swift */ = {isa = PBXFileReference; lastKnownFileType = sourcecode.swift; path = WatchBoxOfDiceApp.swift; sourceTree = "<group>"; };
		C097FD2A2FD7A0A900471A18 /* WatchContentView.swift */ = {isa = PBXFileReference; lastKnownFileType = sourcecode.swift; path = WatchContentView.swift; sourceTree = "<group>"; };
		C097FD2B2FD7A0F500471A18 /* WatchSupportViews.swift */ = {isa = PBXFileReference; lastKnownFileType = sourcecode.swift; path = WatchSupportViews.swift; sourceTree = "<group>"; };
		C097FD3B2FD7B4A800471A18 /* BoxOfDice Watch App.app */ = {isa = PBXFileReference; explicitFileType = wrapper.application; includeInIndex = 0; path = "BoxOfDice Watch App.app"; sourceTree = BUILT_PRODUCTS_DIR; };
		C097FD832FD7B30900471A18 /* WatchGameCore.swift */ = {isa = PBXFileReference; lastKnownFileType = sourcecode.swift; path = WatchGameCore.swift; sourceTree = "<group>"; };
		C0B4C6EB2FD33B2C009A322C /* BoxOfDice.app */ = {isa = PBXFileReference; explicitFileType = wrapper.application; includeInIndex = 0; path = BoxOfDice.app; sourceTree = BUILT_PRODUCTS_DIR; };
/* End PBXFileReference section */

/* Begin PBXFileSystemSynchronizedRootGroup section */
		C0B4C6ED2FD33B2C009A322C /* BoxOfDice */ = {
			isa = PBXFileSystemSynchronizedRootGroup;
			path = BoxOfDice;
			sourceTree = "<group>";
		};
/* End PBXFileSystemSynchronizedRootGroup section */

/* Begin PBXFrameworksBuildPhase section */
		C097FD3C2FD7B4A800471A18 /* Frameworks */ = {
			isa = PBXFrameworksBuildPhase;
			buildActionMask = 2147483647;
			files = (
			);
			runOnlyForDeploymentPostprocessing = 0;
		};
		C0B4C6E82FD33B2C009A322C /* Frameworks */ = {
			isa = PBXFrameworksBuildPhase;
			buildActionMask = 2147483647;
			files = (
			);
			runOnlyForDeploymentPostprocessing = 0;
		};
/* End PBXFrameworksBuildPhase section */

/* Begin PBXGroup section */
		C097FD282FD7A03B00471A18 /* WatchApp */ = {
			isa = PBXGroup;
			children = (
				C097FD292FD7A03F00471A18 /* WatchBoxOfDiceApp.swift */,
				C097FD2A2FD7A0A900471A18 /* WatchContentView.swift */,
				C097FD2B2FD7A0F500471A18 /* WatchSupportViews.swift */,
				C097FD832FD7B30900471A18 /* WatchGameCore.swift */,
				C04968092FD91E6700D93BFF /* WatchConnectivity.swift */,
			);
			path = WatchApp;
			sourceTree = "<group>";
		};
		C097FD502FD7C00000471A18 /* Shared */ = {
			isa = PBXGroup;
			children = (
			);
			name = Shared;
			sourceTree = "<group>";
		};
		C0B4C6E22FD33B2C009A322C = {
			isa = PBXGroup;
			children = (
				C0B4C6ED2FD33B2C009A322C /* BoxOfDice */,
				C0B4C6EC2FD33B2C009A322C /* Products */,
				C097FD282FD7A03B00471A18 /* WatchApp */,
				C097FD502FD7C00000471A18 /* Shared */,
			);
			sourceTree = "<group>";
		};
		C0B4C6EC2FD33B2C009A322C /* Products */ = {
			isa = PBXGroup;
			children = (
				C0B4C6EB2FD33B2C009A322C /* BoxOfDice.app */,
				C097FD3B2FD7B4A800471A18 /* BoxOfDice Watch App.app */,
			);
			name = Products;
			sourceTree = "<group>";
		};
/* End PBXGroup section */

/* Begin PBXNativeTarget section */
		C097FD3D2FD7B4A800471A18 /* BoxOfDice Watch App */ = {
			isa = PBXNativeTarget;
			buildConfigurationList = C097FD412FD7B4A800471A18 /* Build configuration list for PBXNativeTarget "BoxOfDice Watch App" */;
			buildPhases = (
				C097FD3F2FD7B4A800471A18 /* Sources */,
				C097FD3C2FD7B4A800471A18 /* Frameworks */,
				C097FD3E2FD7B4A800471A18 /* Resources */,
			);
			buildRules = (
			);
			dependencies = (
			);
			name = "BoxOfDice Watch App";
			packageProductDependencies = (
			);
			productName = "BoxOfDice Watch App";
			productReference = C097FD3B2FD7B4A800471A18 /* BoxOfDice Watch App.app */;
			productType = "com.apple.product-type.application";
		};
		C0B4C6EA2FD33B2C009A322C /* BoxOfDice */ = {
			isa = PBXNativeTarget;
			buildConfigurationList = C0B4C6FB2FD33B2E009A322C /* Build configuration list for PBXNativeTarget "BoxOfDice" */;
			buildPhases = (
				C0B4C6E72FD33B2C009A322C /* Sources */,
				C0B4C6E82FD33B2C009A322C /* Frameworks */,
				C0B4C6E92FD33B2C009A322C /* Resources */,
				C097FDB42FD7C84400471A18 /* CopyFiles */,
			);
			buildRules = (
			);
			dependencies = (
			);
			fileSystemSynchronizedGroups = (
				C0B4C6ED2FD33B2C009A322C /* BoxOfDice */,
			);
			name = BoxOfDice;
			packageProductDependencies = (
			);
			productName = BoxOfDice;
			productReference = C0B4C6EB2FD33B2C009A322C /* BoxOfDice.app */;
			productType = "com.apple.product-type.application";
		};
/* End PBXNativeTarget section */

/* Begin PBXProject section */
		C0B4C6E32FD33B2C009A322C /* Project object */ = {
			isa = PBXProject;
			attributes = {
				BuildIndependentTargetsInParallel = 1;
				LastSwiftUpdateCheck = 2640;
				LastUpgradeCheck = 2640;
				TargetAttributes = {
					C097FD3D2FD7B4A800471A18 = {
						CreatedOnToolsVersion = 26.4;
					};
					C0B4C6EA2FD33B2C009A322C = {
						CreatedOnToolsVersion = 26.4;
					};
				};
			};
			buildConfigurationList = C0B4C6E62FD33B2C009A322C /* Build configuration list for PBXProject "BoxOfDice" */;
			developmentRegion = en;
			hasScannedForEncodings = 0;
			knownRegions = (
				en,
				Base,
				fi,
			);
			mainGroup = C0B4C6E22FD33B2C009A322C;
			minimizedProjectReferenceProxies = 1;
			preferredProjectObjectVersion = 77;
			productRefGroup = C0B4C6EC2FD33B2C009A322C /* Products */;
			projectDirPath = "";
			projectRoot = "";
			targets = (
				C0B4C6EA2FD33B2C009A322C /* BoxOfDice */,
				C097FD3D2FD7B4A800471A18 /* BoxOfDice Watch App */,
			);
		};
/* End PBXProject section */

/* Begin PBXResourcesBuildPhase section */
		C097FD3E2FD7B4A800471A18 /* Resources */ = {
			isa = PBXResourcesBuildPhase;
			buildActionMask = 2147483647;
			files = (
			);
			runOnlyForDeploymentPostprocessing = 0;
		};
		C0B4C6E92FD33B2C009A322C /* Resources */ = {
			isa = PBXResourcesBuildPhase;
			buildActionMask = 2147483647;
			files = (
			);
			runOnlyForDeploymentPostprocessing = 0;
		};
/* End PBXResourcesBuildPhase section */

/* Begin PBXSourcesBuildPhase section */
		C097FD3F2FD7B4A800471A18 /* Sources */ = {
			isa = PBXSourcesBuildPhase;
			buildActionMask = 2147483647;
			files = (
				C049680A2FD91E6700D93BFF /* WatchConnectivity.swift in Sources */,
				C097FD302FD7B4A800471A18 /* WatchBoxOfDiceApp.swift in Sources */,
				C097FD312FD7B4A800471A18 /* WatchContentView.swift in Sources */,
				C097FD322FD7B4A800471A18 /* WatchSupportViews.swift in Sources */,
				C097FD842FD7B30900471A18 /* WatchGameCore.swift in Sources */,
			);
			runOnlyForDeploymentPostprocessing = 0;
		};
		C0B4C6E72FD33B2C009A322C /* Sources */ = {
			isa = PBXSourcesBuildPhase;
			buildActionMask = 2147483647;
			files = (
			);
			runOnlyForDeploymentPostprocessing = 0;
		};
/* End PBXSourcesBuildPhase section */

/* Begin XCBuildConfiguration section */
		C097FD402FD7B4A800471A18 /* Debug */ = {
			isa = XCBuildConfiguration;
			buildSettings = {
				ASSETCATALOG_COMPILER_GENERATE_SWIFT_ASSET_SYMBOL_EXTENSIONS = YES;
				CODE_SIGN_STYLE = Automatic;
				CURRENT_PROJECT_VERSION = 11;
				DEVELOPMENT_TEAM = CXCUP4DV54;
				ENABLE_PREVIEWS = YES;
				GENERATE_INFOPLIST_FILE = YES;
				INFOPLIST_KEY_CFBundleDisplayName = "Box of Dice";
				INFOPLIST_KEY_WKApplication = YES;
				"INFOPLIST_KEY_WKCompanionAppBundleIdentifier[sdk=*]" = com.mm.BoxOfDice;
				LD_RUNPATH_SEARCH_PATHS = (
					"$(inherited)",
					"@executable_path/Frameworks",
				);
				MARKETING_VERSION = 1.2;
				PRODUCT_BUNDLE_IDENTIFIER = com.mm.BoxOfDice.watchkitapp;
				PRODUCT_NAME = "$(TARGET_NAME)";
				SDKROOT = watchos;
				SKIP_INSTALL = NO;
				STRING_CATALOG_GENERATE_SYMBOLS = YES;
				SWIFT_APPROACHABLE_CONCURRENCY = YES;
				SWIFT_DEFAULT_ACTOR_ISOLATION = MainActor;
				SWIFT_EMIT_LOC_STRINGS = YES;
				SWIFT_UPCOMING_FEATURE_MEMBER_IMPORT_VISIBILITY = YES;
				SWIFT_VERSION = 5.0;
				TARGETED_DEVICE_FAMILY = 4;
				WATCHOS_DEPLOYMENT_TARGET = 9.0;
				name = value;
			};
			name = Debug;
		};
		C097FD492FD7B4A800471A18 /* Release */ = {
			isa = XCBuildConfiguration;
			buildSettings = {
				ASSETCATALOG_COMPILER_GENERATE_SWIFT_ASSET_SYMBOL_EXTENSIONS = YES;
				CODE_SIGN_STYLE = Automatic;
				CURRENT_PROJECT_VERSION = 11;
				DEVELOPMENT_TEAM = CXCUP4DV54;
				ENABLE_PREVIEWS = YES;
				GENERATE_INFOPLIST_FILE = YES;
				INFOPLIST_KEY_CFBundleDisplayName = "Box of Dice";
				INFOPLIST_KEY_WKApplication = YES;
				"INFOPLIST_KEY_WKCompanionAppBundleIdentifier[sdk=*]" = com.mm.BoxOfDice;
				LD_RUNPATH_SEARCH_PATHS = (
					"$(inherited)",
					"@executable_path/Frameworks",
				);
				MARKETING_VERSION = 1.2;
				PRODUCT_BUNDLE_IDENTIFIER = com.mm.BoxOfDice.watchkitapp;
				PRODUCT_NAME = "$(TARGET_NAME)";
				SDKROOT = watchos;
				SKIP_INSTALL = NO;
				STRING_CATALOG_GENERATE_SYMBOLS = YES;
				SWIFT_APPROACHABLE_CONCURRENCY = YES;
				SWIFT_DEFAULT_ACTOR_ISOLATION = MainActor;
				SWIFT_EMIT_LOC_STRINGS = YES;
				SWIFT_UPCOMING_FEATURE_MEMBER_IMPORT_VISIBILITY = YES;
				SWIFT_VERSION = 5.0;
				TARGETED_DEVICE_FAMILY = 4;
				WATCHOS_DEPLOYMENT_TARGET = 9.0;
				name = value;
			};
			name = Release;
		};
		C0B4C6F92FD33B2E009A322C /* Debug */ = {
			isa = XCBuildConfiguration;
			buildSettings = {
				ALWAYS_SEARCH_USER_PATHS = NO;
				ASSETCATALOG_COMPILER_GENERATE_SWIFT_ASSET_SYMBOL_EXTENSIONS = YES;
				CLANG_ANALYZER_NONNULL = YES;
				CLANG_ANALYZER_NUMBER_OBJECT_CONVERSION = YES_AGGRESSIVE;
				CLANG_CXX_LANGUAGE_STANDARD = "gnu++20";
				CLANG_ENABLE_MODULES = YES;
				CLANG_ENABLE_OBJC_ARC = YES;
				CLANG_ENABLE_OBJC_WEAK = YES;
				CLANG_WARN_BLOCK_CAPTURE_AUTORELEASING = YES;
				CLANG_WARN_BOOL_CONVERSION = YES;
				CLANG_WARN_COMMA = YES;
				CLANG_WARN_CONSTANT_CONVERSION = YES;
				CLANG_WARN_DEPRECATED_OBJC_IMPLEMENTATIONS = YES;
				CLANG_WARN_DIRECT_OBJC_ISA_USAGE = YES_ERROR;
				CLANG_WARN_DOCUMENTATION_COMMENTS = YES;
				CLANG_WARN_EMPTY_BODY = YES;
				CLANG_WARN_ENUM_CONVERSION = YES;
				CLANG_WARN_INFINITE_RECURSION = YES;
				CLANG_WARN_INT_CONVERSION = YES;
				CLANG_WARN_NON_LITERAL_NULL_CONVERSION = YES;
				CLANG_WARN_OBJC_IMPLICIT_RETAIN_SELF = YES;
				CLANG_WARN_OBJC_LITERAL_CONVERSION = YES;
				CLANG_WARN_OBJC_ROOT_CLASS = YES_ERROR;
				CLANG_WARN_QUOTED_INCLUDE_IN_FRAMEWORK_HEADER = YES;
				CLANG_WARN_RANGE_LOOP_ANALYSIS = YES;
				CLANG_WARN_STRICT_PROTOTYPES = YES;
				CLANG_WARN_SUSPICIOUS_MOVE = YES;
				CLANG_WARN_UNGUARDED_AVAILABILITY = YES_AGGRESSIVE;
				CLANG_WARN_UNREACHABLE_CODE = YES;
				CLANG_WARN__DUPLICATE_METHOD_MATCH = YES;
				COPY_PHASE_STRIP = NO;
				DEBUG_INFORMATION_FORMAT = dwarf;
				DEVELOPMENT_TEAM = CXCUP4DV54;
				ENABLE_STRICT_OBJC_MSGSEND = YES;
				ENABLE_TESTABILITY = YES;
				ENABLE_USER_SCRIPT_SANDBOXING = YES;
				GCC_C_LANGUAGE_STANDARD = gnu17;
				GCC_DYNAMIC_NO_PIC = NO;
				GCC_NO_COMMON_BLOCKS = YES;
				GCC_OPTIMIZATION_LEVEL = 0;
				GCC_PREPROCESSOR_DEFINITIONS = (
					"DEBUG=1",
					"$(inherited)",
				);
				GCC_WARN_64_TO_32_BIT_CONVERSION = YES;
				GCC_WARN_ABOUT_RETURN_TYPE = YES_ERROR;
				GCC_WARN_UNDECLARED_SELECTOR = YES;
				GCC_WARN_UNINITIALIZED_AUTOS = YES_AGGRESSIVE;
				GCC_WARN_UNUSED_FUNCTION = YES;
				GCC_WARN_UNUSED_VARIABLE = YES;
				IPHONEOS_DEPLOYMENT_TARGET = 16.6;
				LOCALIZATION_PREFERS_STRING_CATALOGS = YES;
				MTL_ENABLE_DEBUG_INFO = INCLUDE_SOURCE;
				MTL_FAST_MATH = YES;
				ONLY_ACTIVE_ARCH = YES;
				SDKROOT = iphoneos;
				SWIFT_ACTIVE_COMPILATION_CONDITIONS = "DEBUG $(inherited)";
				SWIFT_OPTIMIZATION_LEVEL = "-Onone";
			};
			name = Debug;
		};
		C0B4C6FA2FD33B2E009A322C /* Release */ = {
			isa = XCBuildConfiguration;
			buildSettings = {
				ALWAYS_SEARCH_USER_PATHS = NO;
				ASSETCATALOG_COMPILER_GENERATE_SWIFT_ASSET_SYMBOL_EXTENSIONS = YES;
				CLANG_ANALYZER_NONNULL = YES;
				CLANG_ANALYZER_NUMBER_OBJECT_CONVERSION = YES_AGGRESSIVE;
				CLANG_CXX_LANGUAGE_STANDARD = "gnu++20";
				CLANG_ENABLE_MODULES = YES;
				CLANG_ENABLE_OBJC_ARC = YES;
				CLANG_ENABLE_OBJC_WEAK = YES;
				CLANG_WARN_BLOCK_CAPTURE_AUTORELEASING = YES;
				CLANG_WARN_BOOL_CONVERSION = YES;
				CLANG_WARN_COMMA = YES;
				CLANG_WARN_CONSTANT_CONVERSION = YES;
				CLANG_WARN_DEPRECATED_OBJC_IMPLEMENTATIONS = YES;
				CLANG_WARN_DIRECT_OBJC_ISA_USAGE = YES_ERROR;
				CLANG_WARN_DOCUMENTATION_COMMENTS = YES;
				CLANG_WARN_EMPTY_BODY = YES;
				CLANG_WARN_ENUM_CONVERSION = YES;
				CLANG_WARN_INFINITE_RECURSION = YES;
				CLANG_WARN_INT_CONVERSION = YES;
				CLANG_WARN_NON_LITERAL_NULL_CONVERSION = YES;
				CLANG_WARN_OBJC_IMPLICIT_RETAIN_SELF = YES;
				CLANG_WARN_OBJC_LITERAL_CONVERSION = YES;
				CLANG_WARN_OBJC_ROOT_CLASS = YES_ERROR;
				CLANG_WARN_QUOTED_INCLUDE_IN_FRAMEWORK_HEADER = YES;
				CLANG_WARN_RANGE_LOOP_ANALYSIS = YES;
				CLANG_WARN_STRICT_PROTOTYPES = YES;
				CLANG_WARN_SUSPICIOUS_MOVE = YES;
				CLANG_WARN_UNGUARDED_AVAILABILITY = YES_AGGRESSIVE;
				CLANG_WARN_UNREACHABLE_CODE = YES;
				CLANG_WARN__DUPLICATE_METHOD_MATCH = YES;
				COPY_PHASE_STRIP = NO;
				DEBUG_INFORMATION_FORMAT = "dwarf-with-dsym";
				DEVELOPMENT_TEAM = CXCUP4DV54;
				ENABLE_NS_ASSERTIONS = NO;
				ENABLE_STRICT_OBJC_MSGSEND = YES;
				ENABLE_USER_SCRIPT_SANDBOXING = YES;
				GCC_C_LANGUAGE_STANDARD = gnu17;
				GCC_NO_COMMON_BLOCKS = YES;
				GCC_WARN_64_TO_32_BIT_CONVERSION = YES;
				GCC_WARN_ABOUT_RETURN_TYPE = YES_ERROR;
				GCC_WARN_UNDECLARED_SELECTOR = YES;
				GCC_WARN_UNINITIALIZED_AUTOS = YES_AGGRESSIVE;
				GCC_WARN_UNUSED_FUNCTION = YES;
				GCC_WARN_UNUSED_VARIABLE = YES;
				IPHONEOS_DEPLOYMENT_TARGET = 16.6;
				LOCALIZATION_PREFERS_STRING_CATALOGS = YES;
				MTL_ENABLE_DEBUG_INFO = NO;
				MTL_FAST_MATH = YES;
				SDKROOT = iphoneos;
				SWIFT_COMPILATION_MODE = wholemodule;
				VALIDATE_PRODUCT = YES;
			};
			name = Release;
		};
		C0B4C6FC2FD33B2E009A322C /* Debug */ = {
			isa = XCBuildConfiguration;
			buildSettings = {
				ASSETCATALOG_COMPILER_APPICON_NAME = AppIcon;
				ASSETCATALOG_COMPILER_GLOBAL_ACCENT_COLOR_NAME = AccentColor;
				CODE_SIGN_STYLE = Automatic;
				CURRENT_PROJECT_VERSION = 11;
				DEVELOPMENT_TEAM = CXCUP4DV54;
				ENABLE_PREVIEWS = YES;
				GENERATE_INFOPLIST_FILE = YES;
				INFOPLIST_KEY_CFBundleDisplayName = "Box of Dice";
				INFOPLIST_KEY_LSApplicationCategoryType = "public.app-category.dice-games";
				INFOPLIST_KEY_UIApplicationSceneManifest_Generation = YES;
				INFOPLIST_KEY_UIApplicationSupportsIndirectInputEvents = YES;
				INFOPLIST_KEY_UILaunchScreen_Generation = YES;
				INFOPLIST_KEY_UISupportedInterfaceOrientations_iPad = "UIInterfaceOrientationPortrait UIInterfaceOrientationPortraitUpsideDown UIInterfaceOrientationLandscapeLeft UIInterfaceOrientationLandscapeRight";
				INFOPLIST_KEY_UISupportedInterfaceOrientations_iPhone = "UIInterfaceOrientationPortrait UIInterfaceOrientationLandscapeLeft UIInterfaceOrientationLandscapeRight";
				LD_RUNPATH_SEARCH_PATHS = (
					"$(inherited)",
					"@executable_path/Frameworks",
				);
				MARKETING_VERSION = 1.2;
				PRODUCT_BUNDLE_IDENTIFIER = com.mm.BoxOfDice;
				PRODUCT_NAME = "$(TARGET_NAME)";
				STRING_CATALOG_GENERATE_SYMBOLS = YES;
				SWIFT_APPROACHABLE_CONCURRENCY = YES;
				SWIFT_DEFAULT_ACTOR_ISOLATION = MainActor;
				SWIFT_EMIT_LOC_STRINGS = YES;
				SWIFT_UPCOMING_FEATURE_MEMBER_IMPORT_VISIBILITY = YES;
				SWIFT_VERSION = 5.0;
				TARGETED_DEVICE_FAMILY = "1,2";
			};
			name = Debug;
		};
		C0B4C6FD2FD33B2E009A322C /* Release */ = {
			isa = XCBuildConfiguration;
			buildSettings = {
				ASSETCATALOG_COMPILER_APPICON_NAME = AppIcon;
				ASSETCATALOG_COMPILER_GLOBAL_ACCENT_COLOR_NAME = AccentColor;
				CODE_SIGN_STYLE = Automatic;
				CURRENT_PROJECT_VERSION = 11;
				DEVELOPMENT_TEAM = CXCUP4DV54;
				ENABLE_PREVIEWS = YES;
				GENERATE_INFOPLIST_FILE = YES;
				INFOPLIST_KEY_CFBundleDisplayName = "Box of Dice";
				INFOPLIST_KEY_LSApplicationCategoryType = "public.app-category.dice-games";
				INFOPLIST_KEY_UIApplicationSceneManifest_Generation = YES;
				INFOPLIST_KEY_UIApplicationSupportsIndirectInputEvents = YES;
				INFOPLIST_KEY_UILaunchScreen_Generation = YES;
				INFOPLIST_KEY_UISupportedInterfaceOrientations_iPad = "UIInterfaceOrientationPortrait UIInterfaceOrientationPortraitUpsideDown UIInterfaceOrientationLandscapeLeft UIInterfaceOrientationLandscapeRight";
				INFOPLIST_KEY_UISupportedInterfaceOrientations_iPhone = "UIInterfaceOrientationPortrait UIInterfaceOrientationLandscapeLeft UIInterfaceOrientationLandscapeRight";
				LD_RUNPATH_SEARCH_PATHS = (
					"$(inherited)",
					"@executable_path/Frameworks",
				);
				MARKETING_VERSION = 1.2;
				PRODUCT_BUNDLE_IDENTIFIER = com.mm.BoxOfDice;
				PRODUCT_NAME = "$(TARGET_NAME)";
				STRING_CATALOG_GENERATE_SYMBOLS = YES;
				SWIFT_APPROACHABLE_CONCURRENCY = YES;
				SWIFT_DEFAULT_ACTOR_ISOLATION = MainActor;
				SWIFT_EMIT_LOC_STRINGS = YES;
				SWIFT_UPCOMING_FEATURE_MEMBER_IMPORT_VISIBILITY = YES;
				SWIFT_VERSION = 5.0;
				TARGETED_DEVICE_FAMILY = "1,2";
			};
			name = Release;
		};
/* End XCBuildConfiguration section */

/* Begin XCConfigurationList section */
		C097FD412FD7B4A800471A18 /* Build configuration list for PBXNativeTarget "BoxOfDice Watch App" */ = {
			isa = XCConfigurationList;
			buildConfigurations = (
				C097FD402FD7B4A800471A18 /* Debug */,
				C097FD492FD7B4A800471A18 /* Release */,
			);
			defaultConfigurationIsVisible = 0;
			defaultConfigurationName = Release;
		};
		C0B4C6E62FD33B2C009A322C /* Build configuration list for PBXProject "BoxOfDice" */ = {
			isa = XCConfigurationList;
			buildConfigurations = (
				C0B4C6F92FD33B2E009A322C /* Debug */,
				C0B4C6FA2FD33B2E009A322C /* Release */,
			);
			defaultConfigurationIsVisible = 0;
			defaultConfigurationName = Release;
		};
		C0B4C6FB2FD33B2E009A322C /* Build configuration list for PBXNativeTarget "BoxOfDice" */ = {
			isa = XCConfigurationList;
			buildConfigurations = (
				C0B4C6FC2FD33B2E009A322C /* Debug */,
				C0B4C6FD2FD33B2E009A322C /* Release */,
			);
			defaultConfigurationIsVisible = 0;
			defaultConfigurationName = Release;
		};
/* End XCConfigurationList section */
	};
	rootObject = C0B4C6E32FD33B2C009A322C /* Project object */;
}
